
Microsoft Visual Studio Solution File, Format Version 12.00
# Visual Studio Version 17
VisualStudioVersion = 17.0.31825.309
MinimumVisualStudioVersion = 10.0.40219.1
Project("{FAE04EC0-301F-11D3-BF4B-00C04F79EFBC}") = "adapter", "adapter.csproj", "{D29E9110-F93B-4251-A3B8-76111F1D26C5}"
EndProject
Global
	GlobalSection(SolutionConfigurationPlatforms) = preSolution
		Debug|Any CPU = Debug|Any CPU
		Release|Any CPU = Release|Any CPU
	EndGlobalSection
	GlobalSection(ProjectConfigurationPlatforms) = postSolution
		{D29E9110-F93B-4251-A3B8-76111F1D26C5}.Debug|Any CPU.ActiveCfg = Debug|Any CPU
		{D29E9110-F93B-4251-A3B8-76111F1D26C5}.Debug|Any CPU.Build.0 = Debug|Any CPU
		{D29E9110-F93B-4251-A3B8-76111F1D26C5}.Release|Any CPU.ActiveCfg = Release|Any CPU
		{D29E9110-F93B-4251-A3B8-76111F1D26C5}.Release|Any CPU.Build.0 = Release|Any CPU
	EndGlobalSection
	GlobalSection(SolutionProperties) = preSolution
		HideSolutionNode = FALSE
	EndGlobalSection
	GlobalSection(ExtensibilityGlobals) = postSolution
		SolutionGuid = {8317B7A3-516F-4080-8AD0-162C0E945894}
	EndGlobalSection
EndGlobal
